{
  "name": "backend",
  "lockfileVersion": 3,
  "requires": true,
  "packages": {
    "": {
      "dependencies": {
        "@picovoice/porcupine-web": "^4.0.0"
      }
    },
    "node_modules/@picovoice/porcupine-web": {
      "version": "4.0.0",
      "resolved": "https://registry.npmjs.org/@picovoice/porcupine-web/-/porcupine-web-4.0.0.tgz",
      "integrity": "sha512-YqXBp6R9od6NTgcm80UyyB71c4eBArxD3BtX1SKQC4/xAvThM2VgwtPj4J7gvjl9yqqlcr+0Mg3T4lbKIOziTw==",
      "license": "Apache-2.0",
      "dependencies": {
        "@picovoice/web-utils": "=1.4.3"
      },
      "engines": {
        "node": ">=18"
      }
    },
    "node_modules/@picovoice/web-utils": {
      "version": "1.4.3",
      "resolved": "https://registry.npmjs.org/@picovoice/web-utils/-/web-utils-1.4.3.tgz",
      "integrity": "sha512-7JN3YYsSD9Gtce6YKG3XqpX49dkeu7jTdbox7rHQA/X/Q3zxopXA9zlCKSq6EIjFbiX2iuzDKUx1XrFa3d8c0w==",
      "license": "Apache-2.0",
      "dependencies": {
        "commander": "^10.0.1"
      },
      "bin": {
        "pvbase64": "scripts/base64.js"
      },
      "engines": {
        "node": ">=14"
      }
    },
    "node_modules/commander": {
      "version": "10.0.1",
      "resolved": "https://registry.npmjs.org/commander/-/commander-10.0.1.tgz",
      "integrity": "sha512-y4Mg2tXshplEbSGzx7amzPwKKOCGuoSRP/CjEdwwk0FOGlUbq6lKuoyDZTNZkmxHdJtp54hdfY/JUrdL7Xfdug==",
      "license": "MIT",
      "engines": {
        "node": ">=14"
      }
    }
  }
}
